
Microsoft Visual Studio Solution File, Format Version 12.00
# Visual Studio Version 17
VisualStudioVersion = 17.0.31903.59
MinimumVisualStudioVersion = 10.0.40219.1
Project("{FAE04EC0-301F-11D3-BF4B-00C04F79EFBC}") = "ConsoleApp1", "ConsoleApp1\ConsoleApp1.csproj", "{A54E8F2D-47C8-4313-A1A9-0DF6C438DF67}"
EndProject
Project("{FAE04EC0-301F-11D3-BF4B-00C04F79EFBC}") = "ConsoleApp2", "ConsoleApp2\ConsoleApp2.csproj", "{EF359B16-B34B-491A-AF97-9ACC610C6CB5}"
EndProject
Project("{FAE04EC0-301F-11D3-BF4B-00C04F79EFBC}") = "ConsoleApp3", "ConsoleApp3\ConsoleApp3.csproj", "{7BE6EC5D-0829-420A-8B21-65159CBB4474}"
EndProject
Global
	GlobalSection(SolutionConfigurationPlatforms) = preSolution
		Debug|Any CPU = Debug|Any CPU
		Release|Any CPU = Release|Any CPU
	EndGlobalSection
	GlobalSection(SolutionProperties) = preSolution
		HideSolutionNode = FALSE
	EndGlobalSection
	GlobalSection(ProjectConfigurationPlatforms) = postSolution
		{A54E8F2D-47C8-4313-A1A9-0DF6C438DF67}.Debug|Any CPU.ActiveCfg = Debug|Any CPU
		{A54E8F2D-47C8-4313-A1A9-0DF6C438DF67}.Debug|Any CPU.Build.0 = Debug|Any CPU
		{A54E8F2D-47C8-4313-A1A9-0DF6C438DF67}.Release|Any CPU.ActiveCfg = Release|Any CPU
		{A54E8F2D-47C8-4313-A1A9-0DF6C438DF67}.Release|Any CPU.Build.0 = Release|Any CPU
		{EF359B16-B34B-491A-AF97-9ACC610C6CB5}.Debug|Any CPU.ActiveCfg = Debug|Any CPU
		{EF359B16-B34B-491A-AF97-9ACC610C6CB5}.Debug|Any CPU.Build.0 = Debug|Any CPU
		{EF359B16-B34B-491A-AF97-9ACC610C6CB5}.Release|Any CPU.ActiveCfg = Release|Any CPU
		{EF359B16-B34B-491A-AF97-9ACC610C6CB5}.Release|Any CPU.Build.0 = Release|Any CPU
		{7BE6EC5D-0829-420A-8B21-65159CBB4474}.Debug|Any CPU.ActiveCfg = Debug|Any CPU
		{7BE6EC5D-0829-420A-8B21-65159CBB4474}.Debug|Any CPU.Build.0 = Debug|Any CPU
		{7BE6EC5D-0829-420A-8B21-65159CBB4474}.Release|Any CPU.ActiveCfg = Release|Any CPU
		{7BE6EC5D-0829-420A-8B21-65159CBB4474}.Release|Any CPU.Build.0 = Release|Any CPU
	EndGlobalSection
EndGlobal
